// !$*UTF8*$!
{
	archiveVersion = 1;
	classes = {
	};
	objectVersion = 50;
	objects = {

/* Begin PBXBuildFile section */
		66ABCDA325BAF5F800DF6941 /* TamagotchiApp.swift in Sources */ = {isa = PBXBuildFile; fileRef = 66ABCDA225BAF5F800DF6941 /* TamagotchiApp.swift */; };
		66ABCDA525BAF5F800DF6941 /* ContentView.swift in Sources */ = {isa = PBXBuildFile; fileRef = 66ABCDA425BAF5F800DF6941 /* ContentView.swift */; };
		66ABCDA725BAF5F900DF6941 /* Assets.xcassets in Resources */ = {isa = PBXBuildFile; fileRef = 66ABCDA625BAF5F900DF6941 /* Assets.xcassets */; };
		66ABCDAA25BAF5F900DF6941 /* Preview Assets.xcassets in Resources */ = {isa = PBXBuildFile; fileRef = 66ABCDA925BAF5F900DF6941 /* Preview Assets.xcassets */; };
		66ABCDB525BAF5F900DF6941 /* TamagotchiTests.swift in Sources */ = {isa = PBXBuildFile; fileRef = 66ABCDB425BAF5F900DF6941 /* TamagotchiTests.swift */; };
		66ABCDC025BAF5F900DF6941 /* TamagotchiUITests.swift in Sources */ = {isa = PBXBuildFile; fileRef = 66ABCDBF25BAF5F900DF6941 /* TamagotchiUITests.swift */; };
/* End PBXBuildFile section */

/* Begin PBXContainerItemProxy section */
		66ABCDB125BAF5F900DF6941 /* PBXContainerItemProxy */ = {
			isa = PBXContainerItemProxy;
			containerPortal = 66ABCD9725BAF5F800DF6941 /* Project object */;
			proxyType = 1;
			remoteGlobalIDString = 66ABCD9E25BAF5F800DF6941;
			remoteInfo = Tamagotchi;
		};
		66ABCDBC25BAF5F900DF6941 /* PBXContainerItemProxy */ = {
			isa = PBXContainerItemProxy;
			containerPortal = 66ABCD9725BAF5F800DF6941 /* Project object */;
			proxyType = 1;
			remoteGlobalIDString = 66ABCD9E25BAF5F800DF6941;
			remoteInfo = Tamagotchi;
		};
/* End PBXContainerItemProxy section */

/* Begin PBXFileReference section */
		66ABCD9F25BAF5F800DF6941 /* Tamagotchi.app */ = {isa = PBXFileReference; explicitFileType = wrapper.application; includeInIndex = 0; path = Tamagotchi.app; sourceTree = BUILT_PRODUCTS_DIR; };
		66ABCDA225BAF5F800DF6941 /* TamagotchiApp.swift */ = {isa = PBXFileReference; lastKnownFileType = sourcecode.swift; path = TamagotchiApp.swift; sourceTree = "<group>"; };
		66ABCDA425BAF5F800DF6941 /* ContentView.swift */ = {isa = PBXFileReference; lastKnownFileType = sourcecode.swift; path = ContentView.swift; sourceTree = "<group>"; };
		66ABCDA625BAF5F900DF6941 /* Assets.xcassets */ = {isa = PBXFileReference; lastKnownFileType = folder.assetcatalog; path = Assets.xcassets; sourceTree = "<group>"; };
		66ABCDA925BAF5F900DF6941 /* Preview Assets.xcassets */ = {isa = PBXFileReference; lastKnownFileType = folder.assetcatalog; path = "Preview Assets.xcassets"; sourceTree = "<group>"; };
		66ABCDAB25BAF5F900DF6941 /* Info.plist */ = {isa = PBXFileReference; lastKnownFileType = text.plist.xml; path = Info.plist; sourceTree = "<group>"; };
		66ABCDB025BAF5F900DF6941 /* TamagotchiTests.xctest */ = {isa = PBXFileReference; explicitFileType = wrapper.cfbundle; includeInIndex = 0; path = TamagotchiTests.xctest; sourceTree = BUILT_PRODUCTS_DIR; };
		66ABCDB425BAF5F900DF6941 /* TamagotchiTests.swift */ = {isa = PBXFileReference; lastKnownFileType = sourcecode.swift; path = TamagotchiTests.swift; sourceTree = "<group>"; };
		66ABCDB625BAF5F900DF6941 /* Info.plist */ = {isa = PBXFileReference; lastKnownFileType = text.plist.xml; path = Info.plist; sourceTree = "<group>"; };
		66ABCDBB25BAF5F900DF6941 /* TamagotchiUITests.xctest */ = {isa = PBXFileReference; explicitFileType = wrapper.cfbundle; includeInIndex = 0; path = TamagotchiUITests.xctest; sourceTree = BUILT_PRODUCTS_DIR; };
		66ABCDBF25BAF5F900DF6941 /* TamagotchiUITests.swift */ = {isa = PBXFileReference; lastKnownFileType = sourcecode.swift; path = TamagotchiUITests.swift; sourceTree = "<group>"; };
		66ABCDC125BAF5F900DF6941 /* Info.plist */ = {isa = PBXFileReference; lastKnownFileType = text.plist.xml; path = Info.plist; sourceTree = "<group>"; };
/* End PBXFileReference section */

/* Begin PBXFrameworksBuildPhase section */
		66ABCD9C25BAF5F800DF6941 /* Frameworks */ = {
			isa = PBXFrameworksBuildPhase;
			buildActionMask = 2147483647;
			files = (
			);
			runOnlyForDeploymentPostprocessing = 0;
		};
		66ABCDAD25BAF5F900DF6941 /* Frameworks */ = {
			isa = PBXFrameworksBuildPhase;
			buildActionMask = 2147483647;
			files = (
			);
			runOnlyForDeploymentPostprocessing = 0;
		};
		66ABCDB825BAF5F900DF6941 /* Frameworks */ = {
			isa = PBXFrameworksBuildPhase;
			buildActionMask = 2147483647;
			files = (
			);
			runOnlyForDeploymentPostprocessing = 0;
		};
/* End PBXFrameworksBuildPhase section */

/* Begin PBXGroup section */
		66ABCD9625BAF5F800DF6941 = {
			isa = PBXGroup;
			children = (
				66ABCDA125BAF5F800DF6941 /* Tamagotchi */,
				66ABCDB325BAF5F900DF6941 /* TamagotchiTests */,
				66ABCDBE25BAF5F900DF6941 /* TamagotchiUITests */,
				66ABCDA025BAF5F800DF6941 /* Products */,
			);
			sourceTree = "<group>";
		};
		66ABCDA025BAF5F800DF6941 /* Products */ = {
			isa = PBXGroup;
			children = (
				66ABCD9F25BAF5F800DF6941 /* Tamagotchi.app */,
				66ABCDB025BAF5F900DF6941 /* TamagotchiTests.xctest */,
				66ABCDBB25BAF5F900DF6941 /* TamagotchiUITests.xctest */,
			);
			name = Products;
			sourceTree = "<group>";
		};
		66ABCDA125BAF5F800DF6941 /* Tamagotchi */ = {
			isa = PBXGroup;
			children = (
				66ABCDA225BAF5F800DF6941 /* TamagotchiApp.swift */,
				66ABCDA425BAF5F800DF6941 /* ContentView.swift */,
				66ABCDA625BAF5F900DF6941 /* Assets.xcassets */,
				66ABCDAB25BAF5F900DF6941 /* Info.plist */,
				66ABCDA825BAF5F900DF6941 /* Preview Content */,
			);
			path = Tamagotchi;
			sourceTree = "<group>";
		};
		66ABCDA825BAF5F900DF6941 /* Preview Content */ = {
			isa = PBXGroup;
			children = (
				66ABCDA925BAF5F900DF6941 /* Preview Assets.xcassets */,
			);
			path = "Preview Content";
			sourceTree = "<group>";
		};
		66ABCDB325BAF5F900DF6941 /* TamagotchiTests */ = {
			isa = PBXGroup;
			children = (
				66ABCDB425BAF5F900DF6941 /* TamagotchiTests.swift */,
				66ABCDB625BAF5F900DF6941 /* Info.plist */,
			);
			path = TamagotchiTests;
			sourceTree = "<group>";
		};
		66ABCDBE25BAF5F900DF6941 /* TamagotchiUITests */ = {
			isa = PBXGroup;
			children = (
				66ABCDBF25BAF5F900DF6941 /* TamagotchiUITests.swift */,
				66ABCDC125BAF5F900DF6941 /* Info.plist */,
			);
			path = TamagotchiUITests;
			sourceTree = "<group>";
		};
/* End PBXGroup section */

/* Begin PBXNativeTarget section */
		66ABCD9E25BAF5F800DF6941 /* Tamagotchi */ = {
			isa = PBXNativeTarget;
			buildConfigurationList = 66ABCDC425BAF5F900DF6941 /* Build configuration list for PBXNativeTarget "Tamagotchi" */;
			buildPhases = (
				66ABCD9B25BAF5F800DF6941 /* Sources */,
				66ABCD9C25BAF5F800DF6941 /* Frameworks */,
				66ABCD9D25BAF5F800DF6941 /* Resources */,
			);
			buildRules = (
			);
			dependencies = (
			);
			name = Tamagotchi;
			productName = Tamagotchi;
			productReference = 66ABCD9F25BAF5F800DF6941 /* Tamagotchi.app */;
			productType = "com.apple.product-type.application";
		};
		66ABCDAF25BAF5F900DF6941 /* TamagotchiTests */ = {
			isa = PBXNativeTarget;
			buildConfigurationList = 66ABCDC725BAF5F900DF6941 /* Build configuration list for PBXNativeTarget "TamagotchiTests" */;
			buildPhases = (
				66ABCDAC25BAF5F900DF6941 /* Sources */,
				66ABCDAD25BAF5F900DF6941 /* Frameworks */,
				66ABCDAE25BAF5F900DF6941 /* Resources */,
			);
			buildRules = (
			);
			dependencies = (
				66ABCDB225BAF5F900DF6941 /* PBXTargetDependency */,
			);
			name = TamagotchiTests;
			productName = TamagotchiTests;
			productReference = 66ABCDB025BAF5F900DF6941 /* TamagotchiTests.xctest */;
			productType = "com.apple.product-type.bundle.unit-test";
		};
		66ABCDBA25BAF5F900DF6941 /* TamagotchiUITests */ = {
			isa = PBXNativeTarget;
			buildConfigurationList = 66ABCDCA25BAF5F900DF6941 /* Build configuration list for PBXNativeTarget "TamagotchiUITests" */;
			buildPhases = (
				66ABCDB725BAF5F900DF6941 /* Sources */,
				66ABCDB825BAF5F900DF6941 /* Frameworks */,
				66ABCDB925BAF5F900DF6941 /* Resources */,
			);
			buildRules = (
			);
			dependencies = (
				66ABCDBD25BAF5F900DF6941 /* PBXTargetDependency */,
			);
			name = TamagotchiUITests;
			productName = TamagotchiUITests;
			productReference = 66ABCDBB25BAF5F900DF6941 /* TamagotchiUITests.xctest */;
			productType = "com.apple.product-type.bundle.ui-testing";
		};
/* End PBXNativeTarget section */

/* Begin PBXProject section */
		66ABCD9725BAF5F800DF6941 /* Project object */ = {
			isa = PBXProject;
			attributes = {
				LastSwiftUpdateCheck = 1230;
				LastUpgradeCheck = 1230;
				TargetAttributes = {
					66ABCD9E25BAF5F800DF6941 = {
						CreatedOnToolsVersion = 12.3;
					};
					66ABCDAF25BAF5F900DF6941 = {
						CreatedOnToolsVersion = 12.3;
						TestTargetID = 66ABCD9E25BAF5F800DF6941;
					};
					66ABCDBA25BAF5F900DF6941 = {
						CreatedOnToolsVersion = 12.3;
						TestTargetID = 66ABCD9E25BAF5F800DF6941;
					};
				};
			};
			buildConfigurationList = 66ABCD9A25BAF5F800DF6941 /* Build configuration list for PBXProject "Tamagotchi" */;
			compatibilityVersion = "Xcode 9.3";
			developmentRegion = en;
			hasScannedForEncodings = 0;
			knownRegions = (
				en,
				Base,
			);
			mainGroup = 66ABCD9625BAF5F800DF6941;
			productRefGroup = 66ABCDA025BAF5F800DF6941 /* Products */;
			projectDirPath = "";
			projectRoot = "";
			targets = (
				66ABCD9E25BAF5F800DF6941 /* Tamagotchi */,
				66ABCDAF25BAF5F900DF6941 /* TamagotchiTests */,
				66ABCDBA25BAF5F900DF6941 /* TamagotchiUITests */,
			);
		};
/* End PBXProject section */

/* Begin PBXResourcesBuildPhase section */
		66ABCD9D25BAF5F800DF6941 /* Resources */ = {
			isa = PBXResourcesBuildPhase;
			buildActionMask = 2147483647;
			files = (
				66ABCDAA25BAF5F900DF6941 /* Preview Assets.xcassets in Resources */,
				66ABCDA725BAF5F900DF6941 /* Assets.xcassets in Resources */,
			);
			runOnlyForDeploymentPostprocessing = 0;
		};
		66ABCDAE25BAF5F900DF6941 /* Resources */ = {
			isa = PBXResourcesBuildPhase;
			buildActionMask = 2147483647;
			files = (
			);
			runOnlyForDeploymentPostprocessing = 0;
		};
		66ABCDB925BAF5F900DF6941 /* Resources */ = {
			isa = PBXResourcesBuildPhase;
			buildActionMask = 2147483647;
			files = (
			);
			runOnlyForDeploymentPostprocessing = 0;
		};
/* End PBXResourcesBuildPhase section */

/* Begin PBXSourcesBuildPhase section */
		66ABCD9B25BAF5F800DF6941 /* Sources */ = {
			isa = PBXSourcesBuildPhase;
			buildActionMask = 2147483647;
			files = (
				66ABCDA525BAF5F800DF6941 /* ContentView.swift in Sources */,
				66ABCDA325BAF5F800DF6941 /* TamagotchiApp.swift in Sources */,
			);
			runOnlyForDeploymentPostprocessing = 0;
		};
		66ABCDAC25BAF5F900DF6941 /* Sources */ = {
			isa = PBXSourcesBuildPhase;
			buildActionMask = 2147483647;
			files = (
				66ABCDB525BAF5F900DF6941 /* TamagotchiTests.swift in Sources */,
			);
			runOnlyForDeploymentPostprocessing = 0;
		};
		66ABCDB725BAF5F900DF6941 /* Sources */ = {
			isa = PBXSourcesBuildPhase;
			buildActionMask = 2147483647;
			files = (
				66ABCDC025BAF5F900DF6941 /* TamagotchiUITests.swift in Sources */,
			);
			runOnlyForDeploymentPostprocessing = 0;
		};
/* End PBXSourcesBuildPhase section */

/* Begin PBXTargetDependency section */
		66ABCDB225BAF5F900DF6941 /* PBXTargetDependency */ = {
			isa = PBXTargetDependency;
			target = 66ABCD9E25BAF5F800DF6941 /* Tamagotchi */;
			targetProxy = 66ABCDB125BAF5F900DF6941 /* PBXContainerItemProxy */;
		};
		66ABCDBD25BAF5F900DF6941 /* PBXTargetDependency */ = {
			isa = PBXTargetDependency;
			target = 66ABCD9E25BAF5F800DF6941 /* Tamagotchi */;
			targetProxy = 66ABCDBC25BAF5F900DF6941 /* PBXContainerItemProxy */;
		};
/* End PBXTargetDependency section */

/* Begin XCBuildConfiguration section */
		66ABCDC225BAF5F900DF6941 /* Debug */ = {
			isa = XCBuildConfiguration;
			buildSettings = {
				ALWAYS_SEARCH_USER_PATHS = NO;
				CLANG_ANALYZER_NONNULL = YES;
				CLANG_ANALYZER_NUMBER_OBJECT_CONVERSION = YES_AGGRESSIVE;
				CLANG_CXX_LANGUAGE_STANDARD = "gnu++14";
				CLANG_CXX_LIBRARY = "libc++";
				CLANG_ENABLE_MODULES = YES;
				CLANG_ENABLE_OBJC_ARC = YES;
				CLANG_ENABLE_OBJC_WEAK = YES;
				CLANG_WARN_BLOCK_CAPTURE_AUTORELEASING = YES;
				CLANG_WARN_BOOL_CONVERSION = YES;
				CLANG_WARN_COMMA = YES;
				CLANG_WARN_CONSTANT_CONVERSION = YES;
				CLANG_WARN_DEPRECATED_OBJC_IMPLEMENTATIONS = YES;
				CLANG_WARN_DIRECT_OBJC_ISA_USAGE = YES_ERROR;
				CLANG_WARN_DOCUMENTATION_COMMENTS = YES;
				CLANG_WARN_EMPTY_BODY = YES;
				CLANG_WARN_ENUM_CONVERSION = YES;
				CLANG_WARN_INFINITE_RECURSION = YES;
				CLANG_WARN_INT_CONVERSION = YES;
				CLANG_WARN_NON_LITERAL_NULL_CONVERSION = YES;
				CLANG_WARN_OBJC_IMPLICIT_RETAIN_SELF = YES;
				CLANG_WARN_OBJC_LITERAL_CONVERSION = YES;
				CLANG_WARN_OBJC_ROOT_CLASS = YES_ERROR;
				CLANG_WARN_QUOTED_INCLUDE_IN_FRAMEWORK_HEADER = YES;
				CLANG_WARN_RANGE_LOOP_ANALYSIS = YES;
				CLANG_WARN_STRICT_PROTOTYPES = YES;
				CLANG_WARN_SUSPICIOUS_MOVE = YES;
				CLANG_WARN_UNGUARDED_AVAILABILITY = YES_AGGRESSIVE;
				CLANG_WARN_UNREACHABLE_CODE = YES;
				CLANG_WARN__DUPLICATE_METHOD_MATCH = YES;
				COPY_PHASE_STRIP = NO;
				DEBUG_INFORMATION_FORMAT = dwarf;
				ENABLE_STRICT_OBJC_MSGSEND = YES;
				ENABLE_TESTABILITY = YES;
				GCC_C_LANGUAGE_STANDARD = gnu11;
				GCC_DYNAMIC_NO_PIC = NO;
				GCC_NO_COMMON_BLOCKS = YES;
				GCC_OPTIMIZATION_LEVEL = 0;
				GCC_PREPROCESSOR_DEFINITIONS = (
					"DEBUG=1",
					"$(inherited)",
				);
				GCC_WARN_64_TO_32_BIT_CONVERSION = YES;
				GCC_WARN_ABOUT_RETURN_TYPE = YES_ERROR;
				GCC_WARN_UNDECLARED_SELECTOR = YES;
				GCC_WARN_UNINITIALIZED_AUTOS = YES_AGGRESSIVE;
				GCC_WARN_UNUSED_FUNCTION = YES;
				GCC_WARN_UNUSED_VARIABLE = YES;
				IPHONEOS_DEPLOYMENT_TARGET = 14.3;
				MTL_ENABLE_DEBUG_INFO = INCLUDE_SOURCE;
				MTL_FAST_MATH = YES;
				ONLY_ACTIVE_ARCH = YES;
				SDKROOT = iphoneos;
				SWIFT_ACTIVE_COMPILATION_CONDITIONS = DEBUG;
				SWIFT_OPTIMIZATION_LEVEL = "-Onone";
			};
			name = Debug;
		};
		66ABCDC325BAF5F900DF6941 /* Release */ = {
			isa = XCBuildConfiguration;
			buildSettings = {
				ALWAYS_SEARCH_USER_PATHS = NO;
				CLANG_ANALYZER_NONNULL = YES;
				CLANG_ANALYZER_NUMBER_OBJECT_CONVERSION = YES_AGGRESSIVE;
				CLANG_CXX_LANGUAGE_STANDARD = "gnu++14";
				CLANG_CXX_LIBRARY = "libc++";
				CLANG_ENABLE_MODULES = YES;
				CLANG_ENABLE_OBJC_ARC = YES;
				CLANG_ENABLE_OBJC_WEAK = YES;
				CLANG_WARN_BLOCK_CAPTURE_AUTORELEASING = YES;
				CLANG_WARN_BOOL_CONVERSION = YES;
				CLANG_WARN_COMMA = YES;
				CLANG_WARN_CONSTANT_CONVERSION = YES;
				CLANG_WARN_DEPRECATED_OBJC_IMPLEMENTATIONS = YES;
				CLANG_WARN_DIRECT_OBJC_ISA_USAGE = YES_ERROR;
				CLANG_WARN_DOCUMENTATION_COMMENTS = YES;
				CLANG_WARN_EMPTY_BODY = YES;
				CLANG_WARN_ENUM_CONVERSION = YES;
				CLANG_WARN_INFINITE_RECURSION = YES;
				CLANG_WARN_INT_CONVERSION = YES;
				CLANG_WARN_NON_LITERAL_NULL_CONVERSION = YES;
				CLANG_WARN_OBJC_IMPLICIT_RETAIN_SELF = YES;
				CLANG_WARN_OBJC_LITERAL_CONVERSION = YES;
				CLANG_WARN_OBJC_ROOT_CLASS = YES_ERROR;
				CLANG_WARN_QUOTED_INCLUDE_IN_FRAMEWORK_HEADER = YES;
				CLANG_WARN_RANGE_LOOP_ANALYSIS = YES;
				CLANG_WARN_STRICT_PROTOTYPES = YES;
				CLANG_WARN_SUSPICIOUS_MOVE = YES;
				CLANG_WARN_UNGUARDED_AVAILABILITY = YES_AGGRESSIVE;
				CLANG_WARN_UNREACHABLE_CODE = YES;
				CLANG_WARN__DUPLICATE_METHOD_MATCH = YES;
				COPY_PHASE_STRIP = NO;
				DEBUG_INFORMATION_FORMAT = "dwarf-with-dsym";
				ENABLE_NS_ASSERTIONS = NO;
				ENABLE_STRICT_OBJC_MSGSEND = YES;
				GCC_C_LANGUAGE_STANDARD = gnu11;
				GCC_NO_COMMON_BLOCKS = YES;
				GCC_WARN_64_TO_32_BIT_CONVERSION = YES;
				GCC_WARN_ABOUT_RETURN_TYPE = YES_ERROR;
				GCC_WARN_UNDECLARED_SELECTOR = YES;
				GCC_WARN_UNINITIALIZED_AUTOS = YES_AGGRESSIVE;
				GCC_WARN_UNUSED_FUNCTION = YES;
				GCC_WARN_UNUSED_VARIABLE = YES;
				IPHONEOS_DEPLOYMENT_TARGET = 14.3;
				MTL_ENABLE_DEBUG_INFO = NO;
				MTL_FAST_MATH = YES;
				SDKROOT = iphoneos;
				SWIFT_COMPILATION_MODE = wholemodule;
				SWIFT_OPTIMIZATION_LEVEL = "-O";
				VALIDATE_PRODUCT = YES;
			};
			name = Release;
		};
		66ABCDC525BAF5F900DF6941 /* Debug */ = {
			isa = XCBuildConfiguration;
			buildSettings = {
				ASSETCATALOG_COMPILER_APPICON_NAME = AppIcon;
				ASSETCATALOG_COMPILER_GLOBAL_ACCENT_COLOR_NAME = AccentColor;
				CODE_SIGN_STYLE = Automatic;
				DEVELOPMENT_ASSET_PATHS = "\"Tamagotchi/Preview Content\"";
				DEVELOPMENT_TEAM = 2Y7Y72NLLY;
				ENABLE_PREVIEWS = YES;
				INFOPLIST_FILE = Tamagotchi/Info.plist;
				IPHONEOS_DEPLOYMENT_TARGET = 14.0;
				LD_RUNPATH_SEARCH_PATHS = (
					"$(inherited)",
					"@executable_path/Frameworks",
				);
				PRODUCT_BUNDLE_IDENTIFIER = zhenglongwu.Tamagotchi;
				PRODUCT_NAME = "$(TARGET_NAME)";
				SWIFT_VERSION = 5.0;
				TARGETED_DEVICE_FAMILY = "1,2";
			};
			name = Debug;
		};
		66ABCDC625BAF5F900DF6941 /* Release */ = {
			isa = XCBuildConfiguration;
			buildSettings = {
				ASSETCATALOG_COMPILER_APPICON_NAME = AppIcon;
				ASSETCATALOG_COMPILER_GLOBAL_ACCENT_COLOR_NAME = AccentColor;
				CODE_SIGN_STYLE = Automatic;
				DEVELOPMENT_ASSET_PATHS = "\"Tamagotchi/Preview Content\"";
				DEVELOPMENT_TEAM = 2Y7Y72NLLY;
				ENABLE_PREVIEWS = YES;
				INFOPLIST_FILE = Tamagotchi/Info.plist;
				IPHONEOS_DEPLOYMENT_TARGET = 14.0;
				LD_RUNPATH_SEARCH_PATHS = (
					"$(inherited)",
					"@executable_path/Frameworks",
				);
				PRODUCT_BUNDLE_IDENTIFIER = zhenglongwu.Tamagotchi;
				PRODUCT_NAME = "$(TARGET_NAME)";
				SWIFT_VERSION = 5.0;
				TARGETED_DEVICE_FAMILY = "1,2";
			};
			name = Release;
		};
		66ABCDC825BAF5F900DF6941 /* Debug */ = {
			isa = XCBuildConfiguration;
			buildSettings = {
				ALWAYS_EMBED_SWIFT_STANDARD_LIBRARIES = YES;
				BUNDLE_LOADER = "$(TEST_HOST)";
				CODE_SIGN_STYLE = Automatic;
				DEVELOPMENT_TEAM = 2Y7Y72NLLY;
				INFOPLIST_FILE = TamagotchiTests/Info.plist;
				IPHONEOS_DEPLOYMENT_TARGET = 14.0;
				LD_RUNPATH_SEARCH_PATHS = (
					"$(inherited)",
					"@executable_path/Frameworks",
					"@loader_path/Frameworks",
				);
				PRODUCT_BUNDLE_IDENTIFIER = zhenglongwu.TamagotchiTests;
				PRODUCT_NAME = "$(TARGET_NAME)";
				SWIFT_VERSION = 5.0;
				TARGETED_DEVICE_FAMILY = "1,2";
				TEST_HOST = "$(BUILT_PRODUCTS_DIR)/Tamagotchi.app/Tamagotchi";
			};
			name = Debug;
		};
		66ABCDC925BAF5F900DF6941 /* Release */ = {
			isa = XCBuildConfiguration;
			buildSettings = {
				ALWAYS_EMBED_SWIFT_STANDARD_LIBRARIES = YES;
				BUNDLE_LOADER = "$(TEST_HOST)";
				CODE_SIGN_STYLE = Automatic;
				DEVELOPMENT_TEAM = 2Y7Y72NLLY;
				INFOPLIST_FILE = TamagotchiTests/Info.plist;
				IPHONEOS_DEPLOYMENT_TARGET = 14.0;
				LD_RUNPATH_SEARCH_PATHS = (
					"$(inherited)",
					"@executable_path/Frameworks",
					"@loader_path/Frameworks",
				);
				PRODUCT_BUNDLE_IDENTIFIER = zhenglongwu.TamagotchiTests;
				PRODUCT_NAME = "$(TARGET_NAME)";
				SWIFT_VERSION = 5.0;
				TARGETED_DEVICE_FAMILY = "1,2";
				TEST_HOST = "$(BUILT_PRODUCTS_DIR)/Tamagotchi.app/Tamagotchi";
			};
			name = Release;
		};
		66ABCDCB25BAF5F900DF6941 /* Debug */ = {
			isa = XCBuildConfiguration;
			buildSettings = {
				ALWAYS_EMBED_SWIFT_STANDARD_LIBRARIES = YES;
				CODE_SIGN_STYLE = Automatic;
				DEVELOPMENT_TEAM = 2Y7Y72NLLY;
				INFOPLIST_FILE = TamagotchiUITests/Info.plist;
				LD_RUNPATH_SEARCH_PATHS = (
					"$(inherited)",
					"@executable_path/Frameworks",
					"@loader_path/Frameworks",
				);
				PRODUCT_BUNDLE_IDENTIFIER = zhenglongwu.TamagotchiUITests;
				PRODUCT_NAME = "$(TARGET_NAME)";
				SWIFT_VERSION = 5.0;
				TARGETED_DEVICE_FAMILY = "1,2";
				TEST_TARGET_NAME = Tamagotchi;
			};
			name = Debug;
		};
		66ABCDCC25BAF5F900DF6941 /* Release */ = {
			isa = XCBuildConfiguration;
			buildSettings = {
				ALWAYS_EMBED_SWIFT_STANDARD_LIBRARIES = YES;
				CODE_SIGN_STYLE = Automatic;
				DEVELOPMENT_TEAM = 2Y7Y72NLLY;
				INFOPLIST_FILE = TamagotchiUITests/Info.plist;
				LD_RUNPATH_SEARCH_PATHS = (
					"$(inherited)",
					"@executable_path/Frameworks",
					"@loader_path/Frameworks",
				);
				PRODUCT_BUNDLE_IDENTIFIER = zhenglongwu.TamagotchiUITests;
				PRODUCT_NAME = "$(TARGET_NAME)";
				SWIFT_VERSION = 5.0;
				TARGETED_DEVICE_FAMILY = "1,2";
				TEST_TARGET_NAME = Tamagotchi;
			};
			name = Release;
		};
/* End XCBuildConfiguration section */

/* Begin XCConfigurationList section */
		66ABCD9A25BAF5F800DF6941 /* Build configuration list for PBXProject "Tamagotchi" */ = {
			isa = XCConfigurationList;
			buildConfigurations = (
				66ABCDC225BAF5F900DF6941 /* Debug */,
				66ABCDC325BAF5F900DF6941 /* Release */,
			);
			defaultConfigurationIsVisible = 0;
			defaultConfigurationName = Release;
		};
		66ABCDC425BAF5F900DF6941 /* Build configuration list for PBXNativeTarget "Tamagotchi" */ = {
			isa = XCConfigurationList;
			buildConfigurations = (
				66ABCDC525BAF5F900DF6941 /* Debug */,
				66ABCDC625BAF5F900DF6941 /* Release */,
			);
			defaultConfigurationIsVisible = 0;
			defaultConfigurationName = Release;
		};
		66ABCDC725BAF5F900DF6941 /* Build configuration list for PBXNativeTarget "TamagotchiTests" */ = {
			isa = XCConfigurationList;
			buildConfigurations = (
				66ABCDC825BAF5F900DF6941 /* Debug */,
				66ABCDC925BAF5F900DF6941 /* Release */,
			);
			defaultConfigurationIsVisible = 0;
			defaultConfigurationName = Release;
		};
		66ABCDCA25BAF5F900DF6941 /* Build configuration list for PBXNativeTarget "TamagotchiUITests" */ = {
			isa = XCConfigurationList;
			buildConfigurations = (
				66ABCDCB25BAF5F900DF6941 /* Debug */,
				66ABCDCC25BAF5F900DF6941 /* Release */,
			);
			defaultConfigurationIsVisible = 0;
			defaultConfigurationName = Release;
		};
/* End XCConfigurationList section */
	};
	rootObject = 66ABCD9725BAF5F800DF6941 /* Project object */;
}
